
Microsoft Visual Studio Solution File, Format Version 12.00
# Visual Studio Version 17
VisualStudioVersion = 17.14.36221.1
MinimumVisualStudioVersion = 10.0.40219.1
Project("{FAE04EC0-301F-11D3-BF4B-00C04F79EFBC}") = "Workflow_Back", "Workflow_Back\Workflow_Back.csproj", "{8AC31AA7-9E0A-444C-B75D-807B6D1B941D}"
EndProject
Project("{FAE04EC0-301F-11D3-BF4B-00C04F79EFBC}") = "Workflow_CommonController", "Workflow_CommonController\Workflow_CommonController.csproj", "{DD668B73-D128-4349-B1B1-241404291F04}"
EndProject
Global
	GlobalSection(SolutionConfigurationPlatforms) = preSolution
		Debug|Any CPU = Debug|Any CPU
		Release|Any CPU = Release|Any CPU
	EndGlobalSection
	GlobalSection(ProjectConfigurationPlatforms) = postSolution
		{8AC31AA7-9E0A-444C-B75D-807B6D1B941D}.Debug|Any CPU.ActiveCfg = Debug|Any CPU
		{8AC31AA7-9E0A-444C-B75D-807B6D1B941D}.Debug|Any CPU.Build.0 = Debug|Any CPU
		{8AC31AA7-9E0A-444C-B75D-807B6D1B941D}.Release|Any CPU.ActiveCfg = Release|Any CPU
		{8AC31AA7-9E0A-444C-B75D-807B6D1B941D}.Release|Any CPU.Build.0 = Release|Any CPU
		{DD668B73-D128-4349-B1B1-241404291F04}.Debug|Any CPU.ActiveCfg = Debug|Any CPU
		{DD668B73-D128-4349-B1B1-241404291F04}.Debug|Any CPU.Build.0 = Debug|Any CPU
		{DD668B73-D128-4349-B1B1-241404291F04}.Release|Any CPU.ActiveCfg = Release|Any CPU
		{DD668B73-D128-4349-B1B1-241404291F04}.Release|Any CPU.Build.0 = Release|Any CPU
	EndGlobalSection
	GlobalSection(SolutionProperties) = preSolution
		HideSolutionNode = FALSE
	EndGlobalSection
	GlobalSection(ExtensibilityGlobals) = postSolution
		SolutionGuid = {BD8EF76B-1B10-4FA4-9111-8C0875E7D181}
	EndGlobalSection
EndGlobal
