
Microsoft Visual Studio Solution File, Format Version 12.00
# Visual Studio Version 17
VisualStudioVersion = 17.14.36221.1 d17.14
MinimumVisualStudioVersion = 10.0.40219.1
Project("{FAE04EC0-301F-11D3-BF4B-00C04F79EFBC}") = "MyLinq", "MyLinq\MyLinq.csproj", "{BD0EF89B-C991-41FD-A7C5-AAEB69BD3A2A}"
EndProject
Global
	GlobalSection(SolutionConfigurationPlatforms) = preSolution
		Debug|Any CPU = Debug|Any CPU
		Release|Any CPU = Release|Any CPU
	EndGlobalSection
	GlobalSection(ProjectConfigurationPlatforms) = postSolution
		{BD0EF89B-C991-41FD-A7C5-AAEB69BD3A2A}.Debug|Any CPU.ActiveCfg = Debug|Any CPU
		{BD0EF89B-C991-41FD-A7C5-AAEB69BD3A2A}.Debug|Any CPU.Build.0 = Debug|Any CPU
		{BD0EF89B-C991-41FD-A7C5-AAEB69BD3A2A}.Release|Any CPU.ActiveCfg = Release|Any CPU
		{BD0EF89B-C991-41FD-A7C5-AAEB69BD3A2A}.Release|Any CPU.Build.0 = Release|Any CPU
	EndGlobalSection
	GlobalSection(SolutionProperties) = preSolution
		HideSolutionNode = FALSE
	EndGlobalSection
	GlobalSection(ExtensibilityGlobals) = postSolution
		SolutionGuid = {912447BA-0ED6-42B5-B51E-50722C34F613}
	EndGlobalSection
EndGlobal
