
Microsoft Visual Studio Solution File, Format Version 12.00
# Visual Studio Version 17
VisualStudioVersion = 17.14.36221.1 d17.14
MinimumVisualStudioVersion = 10.0.40219.1
Project("{FAE04EC0-301F-11D3-BF4B-00C04F79EFBC}") = "IOSerialize", "IOSerialize\IOSerialize.csproj", "{9F0CC4BB-FB62-47AA-BE71-DB79B49227AD}"
EndProject
Global
	GlobalSection(SolutionConfigurationPlatforms) = preSolution
		Debug|Any CPU = Debug|Any CPU
		Release|Any CPU = Release|Any CPU
	EndGlobalSection
	GlobalSection(ProjectConfigurationPlatforms) = postSolution
		{9F0CC4BB-FB62-47AA-BE71-DB79B49227AD}.Debug|Any CPU.ActiveCfg = Debug|Any CPU
		{9F0CC4BB-FB62-47AA-BE71-DB79B49227AD}.Debug|Any CPU.Build.0 = Debug|Any CPU
		{9F0CC4BB-FB62-47AA-BE71-DB79B49227AD}.Release|Any CPU.ActiveCfg = Release|Any CPU
		{9F0CC4BB-FB62-47AA-BE71-DB79B49227AD}.Release|Any CPU.Build.0 = Release|Any CPU
	EndGlobalSection
	GlobalSection(SolutionProperties) = preSolution
		HideSolutionNode = FALSE
	EndGlobalSection
	GlobalSection(ExtensibilityGlobals) = postSolution
		SolutionGuid = {4AD76FE9-CB64-4E97-B49F-97E74C03DCD5}
	EndGlobalSection
EndGlobal
